
Microsoft Visual Studio Solution File, Format Version 12.00
# Visual Studio 15
VisualStudioVersion = 15.0.27703.2026
MinimumVisualStudioVersion = 10.0.40219.1
Project("{9A19103F-16F7-4668-BE54-9A1E7A4F7556}") = "MassTransitDemo", "MassTransitDemo\MassTransitDemo.csproj", "{EAC869E2-7C2C-4056-8C3C-D82F00A8844D}"
EndProject
Global
	GlobalSection(SolutionConfigurationPlatforms) = preSolution
		Debug|Any CPU = Debug|Any CPU
		Release|Any CPU = Release|Any CPU
	EndGlobalSection
	GlobalSection(ProjectConfigurationPlatforms) = postSolution
		{EAC869E2-7C2C-4056-8C3C-D82F00A8844D}.Debug|Any CPU.ActiveCfg = Debug|Any CPU
		{EAC869E2-7C2C-4056-8C3C-D82F00A8844D}.Debug|Any CPU.Build.0 = Debug|Any CPU
		{EAC869E2-7C2C-4056-8C3C-D82F00A8844D}.Release|Any CPU.ActiveCfg = Release|Any CPU
		{EAC869E2-7C2C-4056-8C3C-D82F00A8844D}.Release|Any CPU.Build.0 = Release|Any CPU
	EndGlobalSection
	GlobalSection(SolutionProperties) = preSolution
		HideSolutionNode = FALSE
	EndGlobalSection
	GlobalSection(ExtensibilityGlobals) = postSolution
		SolutionGuid = {133DB3FD-11C4-4029-A09C-D95835D2A4A5}
	EndGlobalSection
EndGlobal
